version = 1
revision = 2
requires-python = ">=3.13"

[[package]]
name = "backoff"
version = "2.2.1"
source = { registry = "https://pypi.org/simple" }
sdist = { url = "https://files.pythonhosted.org/packages/47/d7/5bbeb12c44d7c4f2fb5b56abce497eb5ed9f34d85701de869acedd602619/backoff-2.2.1.tar.gz", hash = "sha256:03f829f5bb1923180821643f8753b0502c3b682293992485b0eef2807afa5cba", size = 17001, upload-time = "2022-10-05T19:19:32.061Z" }
wheels = [
    { url = "https://files.pythonhosted.org/packages/df/73/b6e24bd22e6720ca8ee9a85a0c4a2971af8497d8f3193fa05390cbd46e09/backoff-2.2.1-py3-none-any.whl", hash = "sha256:63579f9a0628e06278f7e47b7d7d5b6ce20dc65c5e96a6f3ca99a6adca0396e8", size = 15148, upload-time = "2022-10-05T19:19:30.546Z" },
]

[[package]]
name = "cmake"
version = "4.3.2"
source = { registry = "https://pypi.org/simple" }
sdist = { url = "https://files.pythonhosted.org/packages/76/07/f1d6f7bcf056a139352cc2972f92a92005ac0ee98103165b1f620873b196/cmake-4.3.2.tar.gz", hash = "sha256:5f47f5f00910c474662d09a0516413c6e9750bde73cdc52dea3988102a274e06", size = 36969, upload-time = "2026-04-23T21:51:35.982Z" }
wheels = [
    { url = "https://files.pythonhosted.org/packages/82/15/4c8980d5ceef53f0c490425f5b8e47f3ff863348400b0ea5ba4e349119f1/cmake-4.3.2-py3-none-macosx_10_10_universal2.whl", hash = "sha256:f8f570813753ed4564928cf45c4c13c31e46b3e66b1a07fe695cb9f7b7af185e", size = 52883814, upload-time = "2026-04-23T21:50:16.764Z" },
    { url = "https://files.pythonhosted.org/packages/bc/50/2f336143dbcf5eca7c2d7e86273a84ef60231a0b7cfa33143d964c62f250/cmake-4.3.2-py3-none-manylinux2014_aarch64.manylinux_2_17_aarch64.whl", hash = "sha256:ca739ab0d8960261fdb1bb6e1e6c16b9cd033ae0a98341483cc233ba7c81b22b", size = 29578008, upload-time = "2026-04-23T21:50:21.965Z" },
    { url = "https://files.pythonhosted.org/packages/52/e9/4b571a24924b5bdbd5c0b0fbb0b6b1008eb6472ceb9f23bca9e08e09632e/cmake-4.3.2-py3-none-manylinux2014_i686.manylinux_2_17_i686.whl", hash = "sha256:2b81038453a40aed73f8d28185c4c3ef43c3a91a7ff1577ce08e498769ecfe16", size = 30676971, upload-time = "2026-04-23T21:50:25.395Z" },
    { url = "https://files.pythonhosted.org/packages/a1/d4/87f91ba2030c862a27a5b2df42e4e80d3244910acd10aa4cdcd0111820a9/cmake-4.3.2-py3-none-manylinux2014_ppc64le.manylinux_2_17_ppc64le.whl", hash = "sha256:8add046a4ef7c606d8e0a444050415054c7da3b8535b2c8ce1f03e265dda098d", size = 30462837, upload-time = "2026-04-23T21:50:28.785Z" },
    { url = "https://files.pythonhosted.org/packages/21/ee/5475cd861db5e8e22fd6b3fd323a67f8f62df487163f72bc281739309bcf/cmake-4.3.2-py3-none-manylinux2014_s390x.manylinux_2_17_s390x.whl", hash = "sha256:7105a5411bbc405242677d29222812028566aafac3f78fda08c1717f03e5ca2a", size = 28377235, upload-time = "2026-04-23T21:50:32.144Z" },
    { url = "https://files.pythonhosted.org/packages/63/cd/1008be054420fd759b73d3328326d047ea693c3910a55cb2a597d911baee/cmake-4.3.2-py3-none-manylinux2014_x86_64.manylinux_2_17_x86_64.whl", hash = "sha256:339655b93289c1b03c6a72523d46d3b0d19dc51406d3a90f8eefcbec525cb271", size = 29512079, upload-time = "2026-04-23T21:50:36.295Z" },
    { url = "https://files.pythonhosted.org/packages/13/c4/e7c3649c4941927aff24c464090c4ce7f1f24167077f1b8aff3994def88d/cmake-4.3.2-py3-none-manylinux_2_31_armv7l.whl", hash = "sha256:ea95db137fd27f420d5e149c41e1f7621e786869afa3ca0fe18301df9e066607", size = 26628649, upload-time = "2026-04-23T21:50:40.047Z" },
    { url = "https://files.pythonhosted.org/packages/5a/05/ee3b002e0e7303a36e1f3c52e18d004fe089076a0e7b38df5e64a2328e88/cmake-4.3.2-py3-none-manylinux_2_31_riscv64.whl", hash = "sha256:3947bc5973ca3846c76486993abd0fba0cb9119300d58ed9173a672d1eef505b", size = 26769012, upload-time = "2026-04-23T21:50:44.237Z" },
    { url = "https://files.pythonhosted.org/packages/4d/a6/4e42625ce96197ffd72bb6a0e9c02d64506ee3075dd801219bb44fd9dcf7/cmake-4.3.2-py3-none-musllinux_1_2_aarch64.whl", hash = "sha256:bc316be89fa43c265697c3b9ffcebde977bcc4515974372cc460c974f458ff98", size = 38595561, upload-time = "2026-04-23T21:50:48.601Z" },
    { url = "https://files.pythonhosted.org/packages/bd/5b/80ab6fa7aceff0af186a844b6a53c3022e9775467804a1ce2ec3aafb02b3/cmake-4.3.2-py3-none-musllinux_1_2_armv7l.whl", hash = "sha256:d10648929eb3294449ceae7a7c0b9714ca445280ddc25c209f427e7a07c6f3a9", size = 35226159, upload-time = "2026-04-23T21:50:53.968Z" },
    { url = "https://files.pythonhosted.org/packages/10/e3/73fc202fb943221a7ce78a5374c7a73093d26af85378ddab9c04586dc98b/cmake-4.3.2-py3-none-musllinux_1_2_i686.whl", hash = "sha256:a69e629e6cd973e1f9b11d247d116acb47b35cdd8e39aee4b04b9040851cd8a0", size = 41262833, upload-time = "2026-04-23T21:50:59.402Z" },
    { url = "https://files.pythonhosted.org/packages/c4/d3/3ef79820bfbcd5b51ef3b8029fc9c96da363daa11aae02ddd82df08fa446/cmake-4.3.2-py3-none-musllinux_1_2_ppc64le.whl", hash = "sha256:95e0ff31a692d12130f33d1467d0074f8314cf3a79940694896de9367b6e4fae", size = 40437896, upload-time = "2026-04-23T21:51:04.304Z" },
    { url = "https://files.pythonhosted.org/packages/f9/a8/8a1147fa26a3c1564bf654b744baeb2b8c0efccfde04190d3f9222c27bde/cmake-4.3.2-py3-none-musllinux_1_2_riscv64.whl", hash = "sha256:67775407b963385a7942dd56f0567ef3c75453c6336654aeafe43165d78648bb", size = 35492662, upload-time = "2026-04-23T21:51:08.982Z" },
    { url = "https://files.pythonhosted.org/packages/78/96/42a744beb4c9f6e459f1a57162f391a9941f31850048fc461e88095f98da/cmake-4.3.2-py3-none-musllinux_1_2_s390x.whl", hash = "sha256:aae70bb95762f6da20131cf72da6322557ff6784968755d201d42a44cd9494e5", size = 37723238, upload-time = "2026-04-23T21:51:13.595Z" },
    { url = "https://files.pythonhosted.org/packages/06/4c/513a73685feef886c824982b6618bb3cc7e7ac8579b34f1fe043bce11af5/cmake-4.3.2-py3-none-musllinux_1_2_x86_64.whl", hash = "sha256:b1c5c292b1189e48d01f0bed01ed800c31eed967afd033c4beabff9cc97209f2", size = 38554155, upload-time = "2026-04-23T21:51:18.153Z" },
    { url = "https://files.pythonhosted.org/packages/14/aa/35b387f6cc0990247195109b04523a1c05dbb4f0fd0bae28e7f34c4a1e6f/cmake-4.3.2-py3-none-win32.whl", hash = "sha256:3c55f0c61c70642d9e7f6b4fc638622027f045b388e357d74efcca4a7111e4aa", size = 37819702, upload-time = "2026-04-23T21:51:22.933Z" },
    { url = "https://files.pythonhosted.org/packages/96/8d/7ceb7223d274e88d621ce00f2160ae74aead18a3d36f61b8fb52cbe6b7ca/cmake-4.3.2-py3-none-win_amd64.whl", hash = "sha256:78049aac277aabe376d8e82993f0be234d086d0e8ad4708755d5a209a04e1138", size = 41272507, upload-time = "2026-04-23T21:51:27.93Z" },
    { url = "https://files.pythonhosted.org/packages/69/4f/fa4da5330b63d5ce7909892005eced21d1fca58d022ed6b40f216f6f6c52/cmake-4.3.2-py3-none-win_arm64.whl", hash = "sha256:b218d636a99fa0eb23713d37d3e3c3a9c0e707e0579b46780ff908acef229386", size = 39613878, upload-time = "2026-04-23T21:51:33.041Z" },
]

[[package]]
name = "eigen"
version = "0.1.1"
source = { registry = "https://pypi.org/simple" }
dependencies = [
    { name = "numpy" },
    { name = "stonefish-license-manager" },
    { name = "x21" },
]
wheels = [
    { url = "https://files.pythonhosted.org/packages/58/99/afd082847b0bbdc3f1554660d3e401cffac40ef3786c57d4b924b25c3fe8/eigen-0.1.1-py3-none-any.whl", hash = "sha256:72b00ff5907132bb2dc766878b356b91086d130756cea0290bdf13d1af8f1473", size = 7371, upload-time = "2024-06-30T12:36:18.018Z" },
]

[[package]]
name = "insar"
version = "0.1.0"
source = { virtual = "." }
dependencies = [
    { name = "backoff" },
    { name = "cmake" },
    { name = "eigen" },
]

[package.metadata]
requires-dist = [
    { name = "backoff", specifier = ">=2.2.1" },
    { name = "cmake", specifier = ">=4.3.2" },
    { name = "eigen", specifier = ">=0.1.1" },
]

[[package]]
name = "numpy"
version = "2.4.4"
source = { registry = "https://pypi.org/simple" }
sdist = { url = "https://files.pythonhosted.org/packages/d7/9f/b8cef5bffa569759033adda9481211426f12f53299629b410340795c2514/numpy-2.4.4.tar.gz", hash = "sha256:2d390634c5182175533585cc89f3608a4682ccb173cc9bb940b2881c8d6f8fa0", size = 20731587, upload-time = "2026-03-29T13:22:01.298Z" }
wheels = [
    { url = "https://files.pythonhosted.org/packages/14/1d/d0a583ce4fefcc3308806a749a536c201ed6b5ad6e1322e227ee4848979d/numpy-2.4.4-cp313-cp313-macosx_10_13_x86_64.whl", hash = "sha256:08f2e31ed5e6f04b118e49821397f12767934cfdd12a1ce86a058f91e004ee50", size = 16684933, upload-time = "2026-03-29T13:19:22.47Z" },
    { url = "https://files.pythonhosted.org/packages/c1/62/2b7a48fbb745d344742c0277f01286dead15f3f68e4f359fbfcf7b48f70f/numpy-2.4.4-cp313-cp313-macosx_11_0_arm64.whl", hash = "sha256:e823b8b6edc81e747526f70f71a9c0a07ac4e7ad13020aa736bb7c9d67196115", size = 14694532, upload-time = "2026-03-29T13:19:25.581Z" },
    { url = "https://files.pythonhosted.org/packages/e5/87/499737bfba066b4a3bebff24a8f1c5b2dee410b209bc6668c9be692580f0/numpy-2.4.4-cp313-cp313-macosx_14_0_arm64.whl", hash = "sha256:4a19d9dba1a76618dd86b164d608566f393f8ec6ac7c44f0cc879011c45e65af", size = 5199661, upload-time = "2026-03-29T13:19:28.31Z" },
    { url = "https://files.pythonhosted.org/packages/cd/da/464d551604320d1491bc345efed99b4b7034143a85787aab78d5691d5a0e/numpy-2.4.4-cp313-cp313-macosx_14_0_x86_64.whl", hash = "sha256:d2a8490669bfe99a233298348acc2d824d496dee0e66e31b66a6022c2ad74a5c", size = 6547539, upload-time = "2026-03-29T13:19:30.97Z" },
    { url = "https://files.pythonhosted.org/packages/7d/90/8d23e3b0dafd024bf31bdec225b3bb5c2dbfa6912f8a53b8659f21216cbf/numpy-2.4.4-cp313-cp313-manylinux_2_27_aarch64.manylinux_2_28_aarch64.whl", hash = "sha256:45dbed2ab436a9e826e302fcdcbe9133f9b0006e5af7168afb8963a6520da103", size = 15668806, upload-time = "2026-03-29T13:19:33.887Z" },
    { url = "https://files.pythonhosted.org/packages/d1/73/a9d864e42a01896bb5974475438f16086be9ba1f0d19d0bb7a07427c4a8b/numpy-2.4.4-cp313-cp313-manylinux_2_27_x86_64.manylinux_2_28_x86_64.whl", hash = "sha256:c901b15172510173f5cb310eae652908340f8dede90fff9e3bf6c0d8dfd92f83", size = 16632682, upload-time = "2026-03-29T13:19:37.336Z" },
    { url = "https://files.pythonhosted.org/packages/34/fb/14570d65c3bde4e202a031210475ae9cde9b7686a2e7dc97ee67d2833b35/numpy-2.4.4-cp313-cp313-musllinux_1_2_aarch64.whl", hash = "sha256:99d838547ace2c4aace6c4f76e879ddfe02bb58a80c1549928477862b7a6d6ed", size = 17019810, upload-time = "2026-03-29T13:19:40.963Z" },
    { url = "https://files.pythonhosted.org/packages/8a/77/2ba9d87081fd41f6d640c83f26fb7351e536b7ce6dd9061b6af5904e8e46/numpy-2.4.4-cp313-cp313-musllinux_1_2_x86_64.whl", hash = "sha256:0aec54fd785890ecca25a6003fd9a5aed47ad607bbac5cd64f836ad8666f4959", size = 18357394, upload-time = "2026-03-29T13:19:44.859Z" },
    { url = "https://files.pythonhosted.org/packages/a2/23/52666c9a41708b0853fa3b1a12c90da38c507a3074883823126d4e9d5b30/numpy-2.4.4-cp313-cp313-win32.whl", hash = "sha256:07077278157d02f65c43b1b26a3886bce886f95d20aabd11f87932750dfb14ed", size = 5959556, upload-time = "2026-03-29T13:19:47.661Z" },
    { url = "https://files.pythonhosted.org/packages/57/fb/48649b4971cde70d817cf97a2a2fdc0b4d8308569f1dd2f2611959d2e0cf/numpy-2.4.4-cp313-cp313-win_amd64.whl", hash = "sha256:5c70f1cc1c4efbe316a572e2d8b9b9cc44e89b95f79ca3331553fbb63716e2bf", size = 12317311, upload-time = "2026-03-29T13:19:50.67Z" },
    { url = "https://files.pythonhosted.org/packages/ba/d8/11490cddd564eb4de97b4579ef6bfe6a736cc07e94c1598590ae25415e01/numpy-2.4.4-cp313-cp313-win_arm64.whl", hash = "sha256:ef4059d6e5152fa1a39f888e344c73fdc926e1b2dd58c771d67b0acfbf2aa67d", size = 10222060, upload-time = "2026-03-29T13:19:54.229Z" },
    { url = "https://files.pythonhosted.org/packages/99/5d/dab4339177a905aad3e2221c915b35202f1ec30d750dd2e5e9d9a72b804b/numpy-2.4.4-cp313-cp313t-macosx_11_0_arm64.whl", hash = "sha256:4bbc7f303d125971f60ec0aaad5e12c62d0d2c925f0ab1273debd0e4ba37aba5", size = 14822302, upload-time = "2026-03-29T13:19:57.585Z" },
    { url = "https://files.pythonhosted.org/packages/eb/e4/0564a65e7d3d97562ed6f9b0fd0fb0a6f559ee444092f105938b50043876/numpy-2.4.4-cp313-cp313t-macosx_14_0_arm64.whl", hash = "sha256:4d6d57903571f86180eb98f8f0c839fa9ebbfb031356d87f1361be91e433f5b7", size = 5327407, upload-time = "2026-03-29T13:20:00.601Z" },
    { url = "https://files.pythonhosted.org/packages/29/8d/35a3a6ce5ad371afa58b4700f1c820f8f279948cca32524e0a695b0ded83/numpy-2.4.4-cp313-cp313t-macosx_14_0_x86_64.whl", hash = "sha256:4636de7fd195197b7535f231b5de9e4b36d2c440b6e566d2e4e4746e6af0ca93", size = 6647631, upload-time = "2026-03-29T13:20:02.855Z" },
    { url = "https://files.pythonhosted.org/packages/f4/da/477731acbd5a58a946c736edfdabb2ac5b34c3d08d1ba1a7b437fa0884df/numpy-2.4.4-cp313-cp313t-manylinux_2_27_aarch64.manylinux_2_28_aarch64.whl", hash = "sha256:ad2e2ef14e0b04e544ea2fa0a36463f847f113d314aa02e5b402fdf910ef309e", size = 15727691, upload-time = "2026-03-29T13:20:06.004Z" },
    { url = "https://files.pythonhosted.org/packages/e6/db/338535d9b152beabeb511579598418ba0212ce77cf9718edd70262cc4370/numpy-2.4.4-cp313-cp313t-manylinux_2_27_x86_64.manylinux_2_28_x86_64.whl", hash = "sha256:5a285b3b96f951841799528cd1f4f01cd70e7e0204b4abebac9463eecfcf2a40", size = 16681241, upload-time = "2026-03-29T13:20:09.417Z" },
    { url = "https://files.pythonhosted.org/packages/e2/a9/ad248e8f58beb7a0219b413c9c7d8151c5d285f7f946c3e26695bdbbe2df/numpy-2.4.4-cp313-cp313t-musllinux_1_2_aarch64.whl", hash = "sha256:f8474c4241bc18b750be2abea9d7a9ec84f46ef861dbacf86a4f6e043401f79e", size = 17085767, upload-time = "2026-03-29T13:20:13.126Z" },
    { url = "https://files.pythonhosted.org/packages/b5/1a/3b88ccd3694681356f70da841630e4725a7264d6a885c8d442a697e1146b/numpy-2.4.4-cp313-cp313t-musllinux_1_2_x86_64.whl", hash = "sha256:4e874c976154687c1f71715b034739b45c7711bec81db01914770373d125e392", size = 18403169, upload-time = "2026-03-29T13:20:17.096Z" },
    { url = "https://files.pythonhosted.org/packages/c2/c9/fcfd5d0639222c6eac7f304829b04892ef51c96a75d479214d77e3ce6e33/numpy-2.4.4-cp313-cp313t-win32.whl", hash = "sha256:9c585a1790d5436a5374bac930dad6ed244c046ed91b2b2a3634eb2971d21008", size = 6083477, upload-time = "2026-03-29T13:20:20.195Z" },
    { url = "https://files.pythonhosted.org/packages/d5/e3/3938a61d1c538aaec8ed6fd6323f57b0c2d2d2219512434c5c878db76553/numpy-2.4.4-cp313-cp313t-win_amd64.whl", hash = "sha256:93e15038125dc1e5345d9b5b68aa7f996ec33b98118d18c6ca0d0b7d6198b7e8", size = 12457487, upload-time = "2026-03-29T13:20:22.946Z" },
    { url = "https://files.pythonhosted.org/packages/97/6a/7e345032cc60501721ef94e0e30b60f6b0bd601f9174ebd36389a2b86d40/numpy-2.4.4-cp313-cp313t-win_arm64.whl", hash = "sha256:0dfd3f9d3adbe2920b68b5cd3d51444e13a10792ec7154cd0a2f6e74d4ab3233", size = 10292002, upload-time = "2026-03-29T13:20:25.909Z" },
    { url = "https://files.pythonhosted.org/packages/6e/06/c54062f85f673dd5c04cbe2f14c3acb8c8b95e3384869bb8cc9bff8cb9df/numpy-2.4.4-cp314-cp314-macosx_10_15_x86_64.whl", hash = "sha256:f169b9a863d34f5d11b8698ead99febeaa17a13ca044961aa8e2662a6c7766a0", size = 16684353, upload-time = "2026-03-29T13:20:29.504Z" },
    { url = "https://files.pythonhosted.org/packages/4c/39/8a320264a84404c74cc7e79715de85d6130fa07a0898f67fb5cd5bd79908/numpy-2.4.4-cp314-cp314-macosx_11_0_arm64.whl", hash = "sha256:2483e4584a1cb3092da4470b38866634bafb223cbcd551ee047633fd2584599a", size = 14704914, upload-time = "2026-03-29T13:20:33.547Z" },
    { url = "https://files.pythonhosted.org/packages/91/fb/287076b2614e1d1044235f50f03748f31fa287e3dbe6abeb35cdfa351eca/numpy-2.4.4-cp314-cp314-macosx_14_0_arm64.whl", hash = "sha256:2d19e6e2095506d1736b7d80595e0f252d76b89f5e715c35e06e937679ea7d7a", size = 5210005, upload-time = "2026-03-29T13:20:36.45Z" },
    { url = "https://files.pythonhosted.org/packages/63/eb/fcc338595309910de6ecabfcef2419a9ce24399680bfb149421fa2df1280/numpy-2.4.4-cp314-cp314-macosx_14_0_x86_64.whl", hash = "sha256:6a246d5914aa1c820c9443ddcee9c02bec3e203b0c080349533fae17727dfd1b", size = 6544974, upload-time = "2026-03-29T13:20:39.014Z" },
    { url = "https://files.pythonhosted.org/packages/44/5d/e7e9044032a716cdfaa3fba27a8e874bf1c5f1912a1ddd4ed071bf8a14a6/numpy-2.4.4-cp314-cp314-manylinux_2_27_aarch64.manylinux_2_28_aarch64.whl", hash = "sha256:989824e9faf85f96ec9c7761cd8d29c531ad857bfa1daa930cba85baaecf1a9a", size = 15684591, upload-time = "2026-03-29T13:20:42.146Z" },
    { url = "https://files.pythonhosted.org/packages/98/7c/21252050676612625449b4807d6b695b9ce8a7c9e1c197ee6216c8a65c7c/numpy-2.4.4-cp314-cp314-manylinux_2_27_x86_64.manylinux_2_28_x86_64.whl", hash = "sha256:27a8d92cd10f1382a67d7cf4db7ce18341b66438bdd9f691d7b0e48d104c2a9d", size = 16637700, upload-time = "2026-03-29T13:20:46.204Z" },
    { url = "https://files.pythonhosted.org/packages/b1/29/56d2bbef9465db24ef25393383d761a1af4f446a1df9b8cded4fe3a5a5d7/numpy-2.4.4-cp314-cp314-musllinux_1_2_aarch64.whl", hash = "sha256:e44319a2953c738205bf3354537979eaa3998ed673395b964c1176083dd46252", size = 17035781, upload-time = "2026-03-29T13:20:50.242Z" },
    { url = "https://files.pythonhosted.org/packages/e3/2b/a35a6d7589d21f44cea7d0a98de5ddcbb3d421b2622a5c96b1edf18707c3/numpy-2.4.4-cp314-cp314-musllinux_1_2_x86_64.whl", hash = "sha256:e892aff75639bbef0d2a2cfd55535510df26ff92f63c92cd84ef8d4ba5a5557f", size = 18362959, upload-time = "2026-03-29T13:20:54.019Z" },
    { url = "https://files.pythonhosted.org/packages/64/c9/d52ec581f2390e0f5f85cbfd80fb83d965fc15e9f0e1aec2195faa142cde/numpy-2.4.4-cp314-cp314-win32.whl", hash = "sha256:1378871da56ca8943c2ba674530924bb8ca40cd228358a3b5f302ad60cf875fc", size = 6008768, upload-time = "2026-03-29T13:20:56.912Z" },
    { url = "https://files.pythonhosted.org/packages/fa/22/4cc31a62a6c7b74a8730e31a4274c5dc80e005751e277a2ce38e675e4923/numpy-2.4.4-cp314-cp314-win_amd64.whl", hash = "sha256:715d1c092715954784bc79e1174fc2a90093dc4dc84ea15eb14dad8abdcdeb74", size = 12449181, upload-time = "2026-03-29T13:20:59.548Z" },
    { url = "https://files.pythonhosted.org/packages/70/2e/14cda6f4d8e396c612d1bf97f22958e92148801d7e4f110cabebdc0eef4b/numpy-2.4.4-cp314-cp314-win_arm64.whl", hash = "sha256:2c194dd721e54ecad9ad387c1d35e63dce5c4450c6dc7dd5611283dda239aabb", size = 10496035, upload-time = "2026-03-29T13:21:02.524Z" },
    { url = "https://files.pythonhosted.org/packages/b1/e8/8fed8c8d848d7ecea092dc3469643f9d10bc3a134a815a3b033da1d2039b/numpy-2.4.4-cp314-cp314t-macosx_11_0_arm64.whl", hash = "sha256:2aa0613a5177c264ff5921051a5719d20095ea586ca88cc802c5c218d1c67d3e", size = 14824958, upload-time = "2026-03-29T13:21:05.671Z" },
    { url = "https://files.pythonhosted.org/packages/05/1a/d8007a5138c179c2bf33ef44503e83d70434d2642877ee8fbb230e7c0548/numpy-2.4.4-cp314-cp314t-macosx_14_0_arm64.whl", hash = "sha256:42c16925aa5a02362f986765f9ebabf20de75cdefdca827d14315c568dcab113", size = 5330020, upload-time = "2026-03-29T13:21:08.635Z" },
    { url = "https://files.pythonhosted.org/packages/99/64/ffb99ac6ae93faf117bcbd5c7ba48a7f45364a33e8e458545d3633615dda/numpy-2.4.4-cp314-cp314t-macosx_14_0_x86_64.whl", hash = "sha256:874f200b2a981c647340f841730fc3a2b54c9d940566a3c4149099591e2c4c3d", size = 6650758, upload-time = "2026-03-29T13:21:10.949Z" },
    { url = "https://files.pythonhosted.org/packages/6e/6e/795cc078b78a384052e73b2f6281ff7a700e9bf53bcce2ee579d4f6dd879/numpy-2.4.4-cp314-cp314t-manylinux_2_27_aarch64.manylinux_2_28_aarch64.whl", hash = "sha256:c9b39d38a9bd2ae1becd7eac1303d031c5c110ad31f2b319c6e7d98b135c934d", size = 15729948, upload-time = "2026-03-29T13:21:14.047Z" },
    { url = "https://files.pythonhosted.org/packages/5f/86/2acbda8cc2af5f3d7bfc791192863b9e3e19674da7b5e533fded124d1299/numpy-2.4.4-cp314-cp314t-manylinux_2_27_x86_64.manylinux_2_28_x86_64.whl", hash = "sha256:b268594bccac7d7cf5844c7732e3f20c50921d94e36d7ec9b79e9857694b1b2f", size = 16679325, upload-time = "2026-03-29T13:21:17.561Z" },
    { url = "https://files.pythonhosted.org/packages/bc/59/cafd83018f4aa55e0ac6fa92aa066c0a1877b77a615ceff1711c260ffae8/numpy-2.4.4-cp314-cp314t-musllinux_1_2_aarch64.whl", hash = "sha256:ac6b31e35612a26483e20750126d30d0941f949426974cace8e6b5c58a3657b0", size = 17084883, upload-time = "2026-03-29T13:21:21.106Z" },
    { url = "https://files.pythonhosted.org/packages/f0/85/a42548db84e65ece46ab2caea3d3f78b416a47af387fcbb47ec28e660dc2/numpy-2.4.4-cp314-cp314t-musllinux_1_2_x86_64.whl", hash = "sha256:8e3ed142f2728df44263aaf5fb1f5b0b99f4070c553a0d7f033be65338329150", size = 18403474, upload-time = "2026-03-29T13:21:24.828Z" },
    { url = "https://files.pythonhosted.org/packages/ed/ad/483d9e262f4b831000062e5d8a45e342166ec8aaa1195264982bca267e62/numpy-2.4.4-cp314-cp314t-win32.whl", hash = "sha256:dddbbd259598d7240b18c9d87c56a9d2fb3b02fe266f49a7c101532e78c1d871", size = 6155500, upload-time = "2026-03-29T13:21:28.205Z" },
    { url = "https://files.pythonhosted.org/packages/c7/03/2fc4e14c7bd4ff2964b74ba90ecb8552540b6315f201df70f137faa5c589/numpy-2.4.4-cp314-cp314t-win_amd64.whl", hash = "sha256:a7164afb23be6e37ad90b2f10426149fd75aee07ca55653d2aa41e66c4ef697e", size = 12637755, upload-time = "2026-03-29T13:21:31.107Z" },
    { url = "https://files.pythonhosted.org/packages/58/78/548fb8e07b1a341746bfbecb32f2c268470f45fa028aacdbd10d9bc73aab/numpy-2.4.4-cp314-cp314t-win_arm64.whl", hash = "sha256:ba203255017337d39f89bdd58417f03c4426f12beed0440cfd933cb15f8669c7", size = 10566643, upload-time = "2026-03-29T13:21:34.339Z" },
]

[[package]]
name = "stonefish-license-manager"
version = "0.6.6"
source = { registry = "https://pypi.org/simple" }
wheels = [
    { url = "https://files.pythonhosted.org/packages/b9/f6/d73b216657decc1b4c49a9d99297c08bb016976a358f32483f229c0d12c7/stonefish_license_manager-0.6.6-cp313-abi3-win32.whl", hash = "sha256:a877f931e0057b7ae07ef88a4d3926ecda5623e1bfa274bece6875fec89cda83", size = 1174335, upload-time = "2026-03-27T19:17:15.886Z" },
    { url = "https://files.pythonhosted.org/packages/f7/c7/96c95568e22a6698189a91a452bc1ac8420cb679c1f8a4c0df3a4a6c99fb/stonefish_license_manager-0.6.6-cp313-abi3-win_amd64.whl", hash = "sha256:595c178a7f42239ea859d69f9328c356f885a99dec4405c2f4ff7de32d233fe0", size = 1412671, upload-time = "2026-03-27T19:17:17.428Z" },
    { url = "https://files.pythonhosted.org/packages/72/af/2b9debc2ed08fe7f5ce830597a37f7aadd0ca9d16bd9f55f401640ab487c/stonefish_license_manager-0.6.6-cp313-cp313t-manylinux_2_17_armv7l.manylinux2014_armv7l.whl", hash = "sha256:8787f497f3ec954c3b2e1e08ceeae1139dcc7a769abaa0e7b072ba8b5cbdb578", size = 1307117, upload-time = "2026-03-27T19:17:18.809Z" },
    { url = "https://files.pythonhosted.org/packages/65/45/86b20d029b808520db07d64d3c2d9f42a0c81d80d931c2bc42382285ac87/stonefish_license_manager-0.6.6-cp313-cp313t-manylinux_2_17_ppc64le.manylinux2014_ppc64le.whl", hash = "sha256:a8a87ac618ab939665f09a872dae0d6dcbfb2f31e8b592d0955436838615093b", size = 1441639, upload-time = "2026-03-27T19:17:20.158Z" },
    { url = "https://files.pythonhosted.org/packages/6d/e4/029fbf4d89b0f6fbd7e90beaa84a955b45023a66e9a6db39adc35c0295ef/stonefish_license_manager-0.6.6-cp313-cp313t-manylinux_2_17_s390x.manylinux2014_s390x.whl", hash = "sha256:2852b79b30851860661c9a84563183d74d420fab6a90e8ec03d0bf2f230580e6", size = 1340652, upload-time = "2026-03-27T19:17:21.594Z" },
    { url = "https://files.pythonhosted.org/packages/a9/0e/e69e32fa1082c9559006a44b1177c0b7be230b3d9c5bccf05f0c8a7ee32b/stonefish_license_manager-0.6.6-cp313-cp313t-manylinux_2_28_aarch64.whl", hash = "sha256:5ea0216a4cf113ba9222fed42aa11d4e103f90066e71547a8832583840705f37", size = 1540306, upload-time = "2026-03-27T19:17:23.274Z" },
    { url = "https://files.pythonhosted.org/packages/f7/08/1fad68f57a67a230819fe6e3b643f2047e86de7dc11f1148f942cae33be0/stonefish_license_manager-0.6.6-cp313-cp313t-musllinux_1_2_aarch64.whl", hash = "sha256:b18cfd537fd017268ad8c8610d9424cd62f3fc0e8333e3552bef656c3006b845", size = 1721285, upload-time = "2026-03-27T19:17:25.209Z" },
    { url = "https://files.pythonhosted.org/packages/fb/ce/a06036878a24036f23bfe5f630a7bf0d569fed4cc82ae69e84d77ebda5ad/stonefish_license_manager-0.6.6-cp313-cp313t-musllinux_1_2_armv7l.whl", hash = "sha256:68779a4487acfa95df05bfceb6783f753d8cfecce4045bf8e52a63e172e9c9a5", size = 1582031, upload-time = "2026-03-27T19:17:26.815Z" },
    { url = "https://files.pythonhosted.org/packages/7b/2b/41b224a9c6b9f3a1797381ce93bb5b327df73d58774a9b2cfd6897e26a80/stonefish_license_manager-0.6.6-cp313-cp313t-musllinux_1_2_i686.whl", hash = "sha256:620aeea751af096822ac09c8421d03e1287a1f7d7dad1c82883d1bb635f405f0", size = 1619466, upload-time = "2026-03-27T19:17:28.387Z" },
    { url = "https://files.pythonhosted.org/packages/0c/57/2346fe4a34b6ce70033835c709314c59eaca118ec3be520ec3989bd3d471/stonefish_license_manager-0.6.6-cp313-cp313t-musllinux_1_2_x86_64.whl", hash = "sha256:3439a757f4ea6ec238549991e21f5d94bb9f40661c6d7ab47c450dee4411b912", size = 1818850, upload-time = "2026-03-27T19:17:29.863Z" },
    { url = "https://files.pythonhosted.org/packages/8c/df/d569929e2877d447bcc79203bf54f8b07c9efd0e3f330d99862ad8dd042a/stonefish_license_manager-0.6.6-cp314-abi3-macosx_10_12_x86_64.whl", hash = "sha256:f51a8912f71538193a4beaddacd74c9a49884e925bfb903467234758f6b92d17", size = 1445974, upload-time = "2026-03-27T19:17:31.517Z" },
    { url = "https://files.pythonhosted.org/packages/dd/87/9cdea09a922e6501754c7615db5ff3ea9595805cbac9a8ad7392a2f92456/stonefish_license_manager-0.6.6-cp314-abi3-macosx_11_0_arm64.whl", hash = "sha256:6ffd3a1e1e32915f3c89c9f07a1cc1760a7be3697293a8edb569a8b02d329de0", size = 1372470, upload-time = "2026-03-27T19:17:32.792Z" },
    { url = "https://files.pythonhosted.org/packages/9c/47/256a98dff6a374f717e96a51338bf0e66abfca5f427056b2a421d0a0280c/stonefish_license_manager-0.6.6-cp314-cp314t-macosx_10_12_x86_64.whl", hash = "sha256:5d90e68b42894e8acc113a445fa065703c15adfc176ded6e8f6fb465923bbbf8", size = 1444896, upload-time = "2026-03-27T19:17:34.691Z" },
    { url = "https://files.pythonhosted.org/packages/3c/f1/2cae58cb41c9fc8bdf5f083f7b3802981feb2f22c25024e852caeb5a804b/stonefish_license_manager-0.6.6-cp314-cp314t-macosx_11_0_arm64.whl", hash = "sha256:89600cafa7b10fc7977dd10027cd698fc6d22e995531fa37d8965ee4fdab072d", size = 1371683, upload-time = "2026-03-27T19:17:36.056Z" },
    { url = "https://files.pythonhosted.org/packages/ed/9e/062f40892353869a4e6300da61ffde6b87722ca4cc94d396dfdfc8eabe0d/stonefish_license_manager-0.6.6-cp314-cp314t-manylinux_2_17_armv7l.manylinux2014_armv7l.whl", hash = "sha256:eb868c8773e2583827287bf7e0af092858ed368b9af7ab5e7f140f014c89b4d4", size = 1307297, upload-time = "2026-03-27T19:17:37.531Z" },
    { url = "https://files.pythonhosted.org/packages/8f/1d/fb6498613c3e4b019b9886adf335e9a6a23c625922ef6f10b6fc719cf8a8/stonefish_license_manager-0.6.6-cp314-cp314t-manylinux_2_17_i686.manylinux2014_i686.whl", hash = "sha256:bc86c70e7ba9ed5bc1b39092cc2f47b459bb3411f0587e605c7dc3049afa26eb", size = 1461458, upload-time = "2026-03-27T19:17:38.856Z" },
    { url = "https://files.pythonhosted.org/packages/a3/12/362e059658e1ac39d617ae43092787178a99593be816cfb8e4ec8c3213b9/stonefish_license_manager-0.6.6-cp314-cp314t-manylinux_2_17_ppc64le.manylinux2014_ppc64le.whl", hash = "sha256:19c37e7efe608b9c0b1a69cded9613d7abc5634f7f31ec92725aa52568fcfd7d", size = 1441795, upload-time = "2026-03-27T19:17:40.564Z" },
    { url = "https://files.pythonhosted.org/packages/8a/fc/acd0c5e9545bbac82226259aa796922d42fbb1119275200b1d7e93eba435/stonefish_license_manager-0.6.6-cp314-cp314t-manylinux_2_17_s390x.manylinux2014_s390x.whl", hash = "sha256:77e4f87fd9955193785dadbd50ea58c7b50a6946b6cc262523e24dcf2f24a1ef", size = 1340701, upload-time = "2026-03-27T19:17:41.919Z" },
    { url = "https://files.pythonhosted.org/packages/ca/cb/cffa52bc591f5a0a297ac699ee54e74437f0b2982211d3aa06657ac2fe98/stonefish_license_manager-0.6.6-cp314-cp314t-manylinux_2_17_x86_64.manylinux2014_x86_64.whl", hash = "sha256:8ca8eee7216da67eef5fa9dd6f7c81ebf67695a1ee121a24ca190d02a5212633", size = 1600210, upload-time = "2026-03-27T19:17:43.41Z" },
    { url = "https://files.pythonhosted.org/packages/a1/05/3d2f246fe53e7da169b5d61a53d22a6543bc71fd6414324e49d927dcf96c/stonefish_license_manager-0.6.6-cp314-cp314t-manylinux_2_28_aarch64.whl", hash = "sha256:275fee941c64454ff7e87816e0e4d2155118e766a05b79186af4b3ade7cd400a", size = 1540348, upload-time = "2026-03-27T19:17:45.103Z" },
    { url = "https://files.pythonhosted.org/packages/6b/9b/ab0db5c979cd8a7a6442b52345f5bddb9b909b985d72ccffbfbd3b51a669/stonefish_license_manager-0.6.6-cp314-cp314t-musllinux_1_2_aarch64.whl", hash = "sha256:2b8b194d149d7de471726d95ba876cd2b03b078bcb5b61c119d00fae45f33525", size = 1721489, upload-time = "2026-03-27T19:17:46.479Z" },
    { url = "https://files.pythonhosted.org/packages/d9/41/65e6fc376c14bfeef16e08c19a6484b4c13bf0dc0873a05748bfc27ea9d1/stonefish_license_manager-0.6.6-cp314-cp314t-musllinux_1_2_armv7l.whl", hash = "sha256:7258f7ec936ddf39ad4c1ecd1b09e2c094e9e35a6806c51a5edea96e14bb2f55", size = 1582009, upload-time = "2026-03-27T19:17:48.18Z" },
    { url = "https://files.pythonhosted.org/packages/f4/0c/ebd63a3586cd37dae17a80068e71eb537b03af555ed6ff07d0ea0b28680d/stonefish_license_manager-0.6.6-cp314-cp314t-musllinux_1_2_i686.whl", hash = "sha256:1bee0d921121e4c1a403e53e18af1740471d5da7c131a9703327ee4a050fd9f1", size = 1619388, upload-time = "2026-03-27T19:17:49.826Z" },
    { url = "https://files.pythonhosted.org/packages/39/84/bcf76ab62678083fbf0360c6bf37156702b540d4f802b5c51cdf5f62e817/stonefish_license_manager-0.6.6-cp314-cp314t-musllinux_1_2_x86_64.whl", hash = "sha256:458eaed305c9821d1c86c454f3efd740d301a01f6236bc21c58b6f8ce8e81abf", size = 1819097, upload-time = "2026-03-27T19:17:51.21Z" },
    { url = "https://files.pythonhosted.org/packages/98/fe/8a4bdc777b7223b0fcb55109ae18c68fb85019c8f9b138df46c3a46c278b/stonefish_license_manager-0.6.6-cp314-cp314t-win32.whl", hash = "sha256:d988e91717f3b2721726701fcb165b05e81cea37cee0cc013077de40932384ba", size = 1173815, upload-time = "2026-03-27T19:17:52.552Z" },
    { url = "https://files.pythonhosted.org/packages/04/8d/468612bcdeba2c7382a577761a182c9b57036d48660e00b308ac8a288115/stonefish_license_manager-0.6.6-cp314-cp314t-win_amd64.whl", hash = "sha256:b924893681e792fc3c16db398d4a1962f5cfa7bd94c8fc58b6086820be1a7d28", size = 1411970, upload-time = "2026-03-27T19:17:54.007Z" },
    { url = "https://files.pythonhosted.org/packages/39/c8/ec9bfa82b947c8cbde5f34cafcfa7256520f19b45437469579d0fb7ffcf5/stonefish_license_manager-0.6.6-cp38-abi3-manylinux_2_17_armv7l.manylinux2014_armv7l.whl", hash = "sha256:ec92939e209e256038e99e3d0c72d5ae66d2e2c39d56fcb1d22f7e7e06529d29", size = 1310058, upload-time = "2026-03-27T19:17:55.592Z" },
    { url = "https://files.pythonhosted.org/packages/e4/ec/1909f857c9cbcccada7b4ba008bd22da38310b6aa3b498b9f0e2a3af6c0f/stonefish_license_manager-0.6.6-cp38-abi3-manylinux_2_17_i686.manylinux2014_i686.whl", hash = "sha256:520c8fd10e8b2ceccb7cf0d8e9b9e9dc47c1b58f1ff8dc28babd55055d58a3c4", size = 1464975, upload-time = "2026-03-27T19:17:57.139Z" },
    { url = "https://files.pythonhosted.org/packages/6a/f5/1d0b400eb0fda7d3778c3dcf61498ffe9dc547638a310ef0a686b23af08e/stonefish_license_manager-0.6.6-cp38-abi3-manylinux_2_17_ppc64le.manylinux2014_ppc64le.whl", hash = "sha256:f0cdfb2665d1e58c31c522a6148d1f6389cfa244f01f6d9815eccd3534aceedf", size = 1446878, upload-time = "2026-03-27T19:17:59.058Z" },
    { url = "https://files.pythonhosted.org/packages/a6/c9/6c23a723ffd6e0efdfb722956c61b9be86cd5fa9f9537b3126770891eb25/stonefish_license_manager-0.6.6-cp38-abi3-manylinux_2_17_s390x.manylinux2014_s390x.whl", hash = "sha256:2402f6a4b3eae0e436d8f9bc59c22dbc3823647b01e7ce86c1ad2a2aee2aae1b", size = 1344873, upload-time = "2026-03-27T19:18:00.475Z" },
    { url = "https://files.pythonhosted.org/packages/32/30/5a79d6a5c9950f28dc0a0926296d5257ad28e04dea74e2f06c79b1ffd325/stonefish_license_manager-0.6.6-cp38-abi3-manylinux_2_17_x86_64.manylinux2014_x86_64.whl", hash = "sha256:90c2ac0dfe7ef0da5b33e0a4ab151e98cf11b111f3804108abd10cee8a52ac4c", size = 1604382, upload-time = "2026-03-27T19:18:02.279Z" },
    { url = "https://files.pythonhosted.org/packages/db/6a/4cea11cfdd50797bb5553f09522b460884d82b9582efd13f3370576a20b4/stonefish_license_manager-0.6.6-cp38-abi3-manylinux_2_28_aarch64.whl", hash = "sha256:5b2246b8cfe21da5b97f734d839ccffaaaf8b88ed27ffda955bdedc7e9dc3634", size = 1546059, upload-time = "2026-03-27T19:18:03.78Z" },
    { url = "https://files.pythonhosted.org/packages/5b/cd/1d1f3df1c6ad4192a652ac2f4a666f341a46a5699288de5fe0f9b301042b/stonefish_license_manager-0.6.6-cp38-abi3-musllinux_1_2_aarch64.whl", hash = "sha256:267dc8313a981754b8e37d49406e4b8b8c4cbadedbb72547470159835a2d1958", size = 1726177, upload-time = "2026-03-27T19:18:05.997Z" },
    { url = "https://files.pythonhosted.org/packages/dd/38/c8bb81d525ead330e31d1f07d5f194e30204f312dfefcfb22be6317573e7/stonefish_license_manager-0.6.6-cp38-abi3-musllinux_1_2_armv7l.whl", hash = "sha256:bd92c621c4043946eb8349995e19951cebaef5c6ebed4acc55cf175be5be994b", size = 1586168, upload-time = "2026-03-27T19:18:07.545Z" },
    { url = "https://files.pythonhosted.org/packages/68/fc/eb3536e3fdeef43f9584d00c857fa1756fd96051e820b49b36d9988aab94/stonefish_license_manager-0.6.6-cp38-abi3-musllinux_1_2_i686.whl", hash = "sha256:27b3b4034bdf91c653f9c725759e0df40216712b2f355a71b023fb701d8a31a2", size = 1622242, upload-time = "2026-03-27T19:18:09.048Z" },
    { url = "https://files.pythonhosted.org/packages/f8/9b/c62be9346f49e44207058f5e7964202f8b3765506fce3aa23ffbaa94bb42/stonefish_license_manager-0.6.6-cp38-abi3-musllinux_1_2_x86_64.whl", hash = "sha256:7432c3a6bb19a2fa9a29a3163ed3496e08d6236d92b238aa8ba37cdc781df799", size = 1824261, upload-time = "2026-03-27T19:18:10.639Z" },
]

[[package]]
name = "x21"
version = "0.5.3"
source = { registry = "https://pypi.org/simple" }
wheels = [
    { url = "https://files.pythonhosted.org/packages/41/10/dfc9bb519ef0a3533597c9c26bbb43fd7c45ce94746ffcf0a8b3d9a5e67a/x21-0.5.3-cp312-abi3-macosx_10_14_x86_64.whl", hash = "sha256:f9d4edbac161140cc12d127d1dc651c85b332e4c382efa299d6f5bf8d47474ca", size = 46597, upload-time = "2024-08-04T11:26:33.945Z" },
    { url = "https://files.pythonhosted.org/packages/3a/1c/819a8a3ea436d5494f922c51fa538d6dde21f18aa1cf708c9dca2a258415/x21-0.5.3-cp312-abi3-macosx_11_0_arm64.whl", hash = "sha256:97216ccb8f4855ab39140257fc4f222195bf7df7fe2202e1d9c0805840cc9a3a", size = 44391, upload-time = "2024-08-04T11:26:35.234Z" },
    { url = "https://files.pythonhosted.org/packages/f7/2d/b44c21bcc25ef3d855cbdd2f1ffc98ca54956a015a7aa0915d24c40c6e31/x21-0.5.3-cp312-abi3-manylinux_2_17_aarch64.manylinux2014_aarch64.whl", hash = "sha256:202b3a3ac7b8bd70260417400d14c81939dfd60c28c9f0e6c8f7d04670e349cd", size = 60306, upload-time = "2024-08-04T11:26:36.321Z" },
    { url = "https://files.pythonhosted.org/packages/e7/4f/45242e302b220c9678a52419bc73a79855855b38b5d0def0e873c799d182/x21-0.5.3-cp312-abi3-manylinux_2_17_i686.manylinux2014_i686.whl", hash = "sha256:b5565075a3e036bb2b58bf24a6cb4535ed478ebb5482395885e96f055e6f67f8", size = 67321, upload-time = "2024-08-04T11:26:37.652Z" },
    { url = "https://files.pythonhosted.org/packages/55/bc/fea987d0ff062c88e49de6a0036121d2bba585fdbff13e280c3dbdd8678b/x21-0.5.3-cp312-abi3-manylinux_2_17_ppc64le.manylinux2014_ppc64le.whl", hash = "sha256:3841374c3c6d3e3dc7ae91b24d0ac316d4ff1a5b5bdea8dc23a8642d60e7bbb9", size = 69226, upload-time = "2024-08-04T11:26:39.166Z" },
    { url = "https://files.pythonhosted.org/packages/0e/ff/050331dab3848759d3cc08f166d129921f4c26c1576ff84ee40b07e84f80/x21-0.5.3-cp312-abi3-manylinux_2_17_s390x.manylinux2014_s390x.whl", hash = "sha256:dd5afe5cb3875b408210e5585e0822e6431d2a9c8a615accb279b88e1c74fc12", size = 62299, upload-time = "2024-08-04T11:26:40.214Z" },
    { url = "https://files.pythonhosted.org/packages/75/ca/274bec175cb6ab0d6796da8c119aab3b72565667496dbf0355771aefb5e6/x21-0.5.3-cp312-abi3-manylinux_2_17_x86_64.manylinux2014_x86_64.whl", hash = "sha256:5be1eb0347ef5e79802fe3377e6cb3bcb9b0eb8c19af52c055491629c80151d1", size = 63462, upload-time = "2024-08-04T11:26:41.769Z" },
    { url = "https://files.pythonhosted.org/packages/73/77/b72da7f4ab534ec85cc72d1d0ff97fdb8d8fef5863584eb231f1e8828a82/x21-0.5.3-cp312-abi3-musllinux_1_2_aarch64.whl", hash = "sha256:974cd7cac098def5734280be36dbef00cdc853b0633449ff5fab3009acf2bebc", size = 500463, upload-time = "2024-08-04T11:26:48.001Z" },
    { url = "https://files.pythonhosted.org/packages/97/f0/c8d0456a2741534757b165624af75010f17c506b3c0ae21d443f99369a97/x21-0.5.3-cp312-abi3-musllinux_1_2_i686.whl", hash = "sha256:1bd713eed0f40aa520ccbbc6e1555fb22cd261a3d040b16fc5cd6745281889ed", size = 565555, upload-time = "2024-08-04T11:26:49.698Z" },
    { url = "https://files.pythonhosted.org/packages/50/aa/453fc21e8917996983650b4f3feef8ac057fd2d6eb36d8794a6116211dd8/x21-0.5.3-cp312-abi3-musllinux_1_2_ppc64le.whl", hash = "sha256:f00a8bfe3f677dd069178eaa91c793780ed5f9269ead4f0af147d4aa18e2ed03", size = 573168, upload-time = "2024-08-04T11:26:51.364Z" },
    { url = "https://files.pythonhosted.org/packages/b6/ad/4f2e5e666649ca476c015bff134d19cd78b139291cb7608a7af24b421722/x21-0.5.3-cp312-abi3-musllinux_1_2_s390x.whl", hash = "sha256:8bc5cba88e6eb6943b1970dd0bff5ba73ee3de679070e1db1c90abe3ff3f9e77", size = 635299, upload-time = "2024-08-04T11:26:52.652Z" },
    { url = "https://files.pythonhosted.org/packages/e7/4f/0cd907e5a524ee20f937af8180570202b486e2500d51258e3ca315ba0403/x21-0.5.3-cp312-abi3-musllinux_1_2_x86_64.whl", hash = "sha256:c3a640e67e55d1f6d61187139ba5c54c1d79b67bcb2eabdbdfe4a390afb6a1db", size = 520370, upload-time = "2024-08-04T11:26:53.933Z" },
    { url = "https://files.pythonhosted.org/packages/59/50/f9648678155396c18fa597e4f1d64cffbe7555ffff54030cc761c1b91e51/x21-0.5.3-cp312-abi3-win32.whl", hash = "sha256:9132d9b610b6c7d601f445c341b0530c0dc83c08afc8a9e9e6bf39f3d087ea98", size = 47284, upload-time = "2024-08-04T11:26:55.251Z" },
    { url = "https://files.pythonhosted.org/packages/80/b0/8a0a9389ccc1c311b27b896d2126c26120dbaaf7df5ecf9d0e00eb2510d7/x21-0.5.3-cp312-abi3-win_amd64.whl", hash = "sha256:49a7013f688e6d821aacd3ecc8bb77b11f00b99ce98952999834185a66789c5d", size = 53609, upload-time = "2024-08-04T11:26:56.34Z" },
]
